
Microsoft Visual Studio Solution File, Format Version 12.00
# Visual Studio 15
VisualStudioVersion = 15.0.27130.2010
MinimumVisualStudioVersion = 10.0.40219.1
Project("{9092AA53-FB77-4645-B42D-1CCCA6BD08BD}") = "SumAndVAT", "SumAndVAT\SumAndVAT.njsproj", "{1F84F39E-D88A-4C32-9DF0-38B7192526F3}"
EndProject
Project("{9092AA53-FB77-4645-B42D-1CCCA6BD08BD}") = "LetterOccurrencesInString", "LetterOccurrencesInString\LetterOccurrencesInString.njsproj", "{5F15FEDB-1C7F-4FA7-BA2A-9F69FCA91F12}"
EndProject
Project("{9092AA53-FB77-4645-B42D-1CCCA6BD08BD}") = "FilterByAge", "FilterByAge\FilterByAge.njsproj", "{6297F739-B6A8-4672-BBA3-0E283C5A55E1}"
EndProject
Project("{9092AA53-FB77-4645-B42D-1CCCA6BD08BD}") = "StringOfNumbers1toN", "StringOfNumbers1toN\StringOfNumbers1toN.njsproj", "{5F5A8CF6-ACAB-4A46-91E7-EB5EE82C59CD}"
EndProject
Project("{9092AA53-FB77-4645-B42D-1CCCA6BD08BD}") = "FigureArea", "FigureArea\FigureArea.njsproj", "{9EB4D5F8-71E6-45D2-B886-75DC9041D70A}"
EndProject
Project("{9092AA53-FB77-4645-B42D-1CCCA6BD08BD}") = "NextDay", "NextDay\NextDay.njsproj", "{C0D0DD0F-881F-4BDE-82DA-946B64BAC0E8}"
EndProject
Project("{9092AA53-FB77-4645-B42D-1CCCA6BD08BD}") = "DistanceBetweenPoints", "DistanceBetweenPoints\DistanceBetweenPoints.njsproj", "{24ACF9F7-0335-4ACB-9A87-02DA5757AF8A}"
EndProject
Project("{9092AA53-FB77-4645-B42D-1CCCA6BD08BD}") = "Multiplynumbers", "Multiplynumbers\Multiplynumbers.njsproj", "{7001986D-1C50-4DCB-A0B5-C3D6EF504DAD}"
EndProject
Project("{9092AA53-FB77-4645-B42D-1CCCA6BD08BD}") = "BoxesAndBottles", "BoxesAndBottles\BoxesAndBottles.njsproj", "{5BA6F9FB-A810-47B4-9DB5-D518C9B72248}"
EndProject
Project("{9092AA53-FB77-4645-B42D-1CCCA6BD08BD}") = "LeapYear", "LeapYear\LeapYear.njsproj", "{3DC2BD01-1417-4336-AD8C-913820A6AAE8}"
EndProject
Project("{9092AA53-FB77-4645-B42D-1CCCA6BD08BD}") = "CircleArea", "CircleArea\CircleArea.njsproj", "{33BAFF48-1653-42AB-A7DC-EC062EE1C35A}"
EndProject
Project("{9092AA53-FB77-4645-B42D-1CCCA6BD08BD}") = "TriangleArea", "TriangleArea\TriangleArea.njsproj", "{70C5AE84-2244-4C56-92D0-1FF495DB7098}"
EndProject
Project("{9092AA53-FB77-4645-B42D-1CCCA6BD08BD}") = "Cone", "Cone\Cone.njsproj", "{826E78F3-958A-4086-B153-B3158709B539}"
EndProject
Project("{9092AA53-FB77-4645-B42D-1CCCA6BD08BD}") = "OddEven", "OddEven\OddEven.njsproj", "{4BF9B902-12C7-4ED4-AC3F-2778ED4AF171}"
EndProject
Project("{9092AA53-FB77-4645-B42D-1CCCA6BD08BD}") = "FruitOrVegitable", "FruitOrVegitable\FruitOrVegitable.njsproj", "{037E4960-E33A-4DAF-A32D-D388F38A5804}"
EndProject
Project("{9092AA53-FB77-4645-B42D-1CCCA6BD08BD}") = "ColorfulNumbers", "ColorfulNumbers\ColorfulNumbers.njsproj", "{148735D9-A20F-4453-AF5C-E3637B3CC735}"
EndProject
Global
	GlobalSection(SolutionConfigurationPlatforms) = preSolution
		Debug|Any CPU = Debug|Any CPU
		Debug|ARM = Debug|ARM
		Debug|x64 = Debug|x64
		Debug|x86 = Debug|x86
		Release|Any CPU = Release|Any CPU
		Release|ARM = Release|ARM
		Release|x64 = Release|x64
		Release|x86 = Release|x86
	EndGlobalSection
	GlobalSection(ProjectConfigurationPlatforms) = postSolution
		{1F84F39E-D88A-4C32-9DF0-38B7192526F3}.Debug|Any CPU.ActiveCfg = Debug|Any CPU
		{1F84F39E-D88A-4C32-9DF0-38B7192526F3}.Debug|Any CPU.Build.0 = Debug|Any CPU
		{1F84F39E-D88A-4C32-9DF0-38B7192526F3}.Debug|ARM.ActiveCfg = Debug|Any CPU
		{1F84F39E-D88A-4C32-9DF0-38B7192526F3}.Debug|ARM.Build.0 = Debug|Any CPU
		{1F84F39E-D88A-4C32-9DF0-38B7192526F3}.Debug|x64.ActiveCfg = Debug|Any CPU
		{1F84F39E-D88A-4C32-9DF0-38B7192526F3}.Debug|x64.Build.0 = Debug|Any CPU
		{1F84F39E-D88A-4C32-9DF0-38B7192526F3}.Debug|x86.ActiveCfg = Debug|Any CPU
		{1F84F39E-D88A-4C32-9DF0-38B7192526F3}.Debug|x86.Build.0 = Debug|Any CPU
		{1F84F39E-D88A-4C32-9DF0-38B7192526F3}.Release|Any CPU.ActiveCfg = Release|Any CPU
		{1F84F39E-D88A-4C32-9DF0-38B7192526F3}.Release|Any CPU.Build.0 = Release|Any CPU
		{1F84F39E-D88A-4C32-9DF0-38B7192526F3}.Release|ARM.ActiveCfg = Release|Any CPU
		{1F84F39E-D88A-4C32-9DF0-38B7192526F3}.Release|ARM.Build.0 = Release|Any CPU
		{1F84F39E-D88A-4C32-9DF0-38B7192526F3}.Release|x64.ActiveCfg = Release|Any CPU
		{1F84F39E-D88A-4C32-9DF0-38B7192526F3}.Release|x64.Build.0 = Release|Any CPU
		{1F84F39E-D88A-4C32-9DF0-38B7192526F3}.Release|x86.ActiveCfg = Release|Any CPU
		{1F84F39E-D88A-4C32-9DF0-38B7192526F3}.Release|x86.Build.0 = Release|Any CPU
		{5F15FEDB-1C7F-4FA7-BA2A-9F69FCA91F12}.Debug|Any CPU.ActiveCfg = Debug|Any CPU
		{5F15FEDB-1C7F-4FA7-BA2A-9F69FCA91F12}.Debug|Any CPU.Build.0 = Debug|Any CPU
		{5F15FEDB-1C7F-4FA7-BA2A-9F69FCA91F12}.Debug|ARM.ActiveCfg = Debug|Any CPU
		{5F15FEDB-1C7F-4FA7-BA2A-9F69FCA91F12}.Debug|ARM.Build.0 = Debug|Any CPU
		{5F15FEDB-1C7F-4FA7-BA2A-9F69FCA91F12}.Debug|x64.ActiveCfg = Debug|Any CPU
		{5F15FEDB-1C7F-4FA7-BA2A-9F69FCA91F12}.Debug|x64.Build.0 = Debug|Any CPU
		{5F15FEDB-1C7F-4FA7-BA2A-9F69FCA91F12}.Debug|x86.ActiveCfg = Debug|Any CPU
		{5F15FEDB-1C7F-4FA7-BA2A-9F69FCA91F12}.Debug|x86.Build.0 = Debug|Any CPU
		{5F15FEDB-1C7F-4FA7-BA2A-9F69FCA91F12}.Release|Any CPU.ActiveCfg = Release|Any CPU
		{5F15FEDB-1C7F-4FA7-BA2A-9F69FCA91F12}.Release|Any CPU.Build.0 = Release|Any CPU
		{5F15FEDB-1C7F-4FA7-BA2A-9F69FCA91F12}.Release|ARM.ActiveCfg = Release|Any CPU
		{5F15FEDB-1C7F-4FA7-BA2A-9F69FCA91F12}.Release|ARM.Build.0 = Release|Any CPU
		{5F15FEDB-1C7F-4FA7-BA2A-9F69FCA91F12}.Release|x64.ActiveCfg = Release|Any CPU
		{5F15FEDB-1C7F-4FA7-BA2A-9F69FCA91F12}.Release|x64.Build.0 = Release|Any CPU
		{5F15FEDB-1C7F-4FA7-BA2A-9F69FCA91F12}.Release|x86.ActiveCfg = Release|Any CPU
		{5F15FEDB-1C7F-4FA7-BA2A-9F69FCA91F12}.Release|x86.Build.0 = Release|Any CPU
		{6297F739-B6A8-4672-BBA3-0E283C5A55E1}.Debug|Any CPU.ActiveCfg = Debug|Any CPU
		{6297F739-B6A8-4672-BBA3-0E283C5A55E1}.Debug|Any CPU.Build.0 = Debug|Any CPU
		{6297F739-B6A8-4672-BBA3-0E283C5A55E1}.Debug|ARM.ActiveCfg = Debug|Any CPU
		{6297F739-B6A8-4672-BBA3-0E283C5A55E1}.Debug|ARM.Build.0 = Debug|Any CPU
		{6297F739-B6A8-4672-BBA3-0E283C5A55E1}.Debug|x64.ActiveCfg = Debug|Any CPU
		{6297F739-B6A8-4672-BBA3-0E283C5A55E1}.Debug|x64.Build.0 = Debug|Any CPU
		{6297F739-B6A8-4672-BBA3-0E283C5A55E1}.Debug|x86.ActiveCfg = Debug|Any CPU
		{6297F739-B6A8-4672-BBA3-0E283C5A55E1}.Debug|x86.Build.0 = Debug|Any CPU
		{6297F739-B6A8-4672-BBA3-0E283C5A55E1}.Release|Any CPU.ActiveCfg = Release|Any CPU
		{6297F739-B6A8-4672-BBA3-0E283C5A55E1}.Release|Any CPU.Build.0 = Release|Any CPU
		{6297F739-B6A8-4672-BBA3-0E283C5A55E1}.Release|ARM.ActiveCfg = Release|Any CPU
		{6297F739-B6A8-4672-BBA3-0E283C5A55E1}.Release|ARM.Build.0 = Release|Any CPU
		{6297F739-B6A8-4672-BBA3-0E283C5A55E1}.Release|x64.ActiveCfg = Release|Any CPU
		{6297F739-B6A8-4672-BBA3-0E283C5A55E1}.Release|x64.Build.0 = Release|Any CPU
		{6297F739-B6A8-4672-BBA3-0E283C5A55E1}.Release|x86.ActiveCfg = Release|Any CPU
		{6297F739-B6A8-4672-BBA3-0E283C5A55E1}.Release|x86.Build.0 = Release|Any CPU
		{5F5A8CF6-ACAB-4A46-91E7-EB5EE82C59CD}.Debug|Any CPU.ActiveCfg = Debug|Any CPU
		{5F5A8CF6-ACAB-4A46-91E7-EB5EE82C59CD}.Debug|Any CPU.Build.0 = Debug|Any CPU
		{5F5A8CF6-ACAB-4A46-91E7-EB5EE82C59CD}.Debug|ARM.ActiveCfg = Debug|Any CPU
		{5F5A8CF6-ACAB-4A46-91E7-EB5EE82C59CD}.Debug|ARM.Build.0 = Debug|Any CPU
		{5F5A8CF6-ACAB-4A46-91E7-EB5EE82C59CD}.Debug|x64.ActiveCfg = Debug|Any CPU
		{5F5A8CF6-ACAB-4A46-91E7-EB5EE82C59CD}.Debug|x64.Build.0 = Debug|Any CPU
		{5F5A8CF6-ACAB-4A46-91E7-EB5EE82C59CD}.Debug|x86.ActiveCfg = Debug|Any CPU
		{5F5A8CF6-ACAB-4A46-91E7-EB5EE82C59CD}.Debug|x86.Build.0 = Debug|Any CPU
		{5F5A8CF6-ACAB-4A46-91E7-EB5EE82C59CD}.Release|Any CPU.ActiveCfg = Release|Any CPU
		{5F5A8CF6-ACAB-4A46-91E7-EB5EE82C59CD}.Release|Any CPU.Build.0 = Release|Any CPU
		{5F5A8CF6-ACAB-4A46-91E7-EB5EE82C59CD}.Release|ARM.ActiveCfg = Release|Any CPU
		{5F5A8CF6-ACAB-4A46-91E7-EB5EE82C59CD}.Release|ARM.Build.0 = Release|Any CPU
		{5F5A8CF6-ACAB-4A46-91E7-EB5EE82C59CD}.Release|x64.ActiveCfg = Release|Any CPU
		{5F5A8CF6-ACAB-4A46-91E7-EB5EE82C59CD}.Release|x64.Build.0 = Release|Any CPU
		{5F5A8CF6-ACAB-4A46-91E7-EB5EE82C59CD}.Release|x86.ActiveCfg = Release|Any CPU
		{5F5A8CF6-ACAB-4A46-91E7-EB5EE82C59CD}.Release|x86.Build.0 = Release|Any CPU
		{9EB4D5F8-71E6-45D2-B886-75DC9041D70A}.Debug|Any CPU.ActiveCfg = Debug|Any CPU
		{9EB4D5F8-71E6-45D2-B886-75DC9041D70A}.Debug|Any CPU.Build.0 = Debug|Any CPU
		{9EB4D5F8-71E6-45D2-B886-75DC9041D70A}.Debug|ARM.ActiveCfg = Debug|Any CPU
		{9EB4D5F8-71E6-45D2-B886-75DC9041D70A}.Debug|ARM.Build.0 = Debug|Any CPU
		{9EB4D5F8-71E6-45D2-B886-75DC9041D70A}.Debug|x64.ActiveCfg = Debug|Any CPU
		{9EB4D5F8-71E6-45D2-B886-75DC9041D70A}.Debug|x64.Build.0 = Debug|Any CPU
		{9EB4D5F8-71E6-45D2-B886-75DC9041D70A}.Debug|x86.ActiveCfg = Debug|Any CPU
		{9EB4D5F8-71E6-45D2-B886-75DC9041D70A}.Debug|x86.Build.0 = Debug|Any CPU
		{9EB4D5F8-71E6-45D2-B886-75DC9041D70A}.Release|Any CPU.ActiveCfg = Release|Any CPU
		{9EB4D5F8-71E6-45D2-B886-75DC9041D70A}.Release|Any CPU.Build.0 = Release|Any CPU
		{9EB4D5F8-71E6-45D2-B886-75DC9041D70A}.Release|ARM.ActiveCfg = Release|Any CPU
		{9EB4D5F8-71E6-45D2-B886-75DC9041D70A}.Release|ARM.Build.0 = Release|Any CPU
		{9EB4D5F8-71E6-45D2-B886-75DC9041D70A}.Release|x64.ActiveCfg = Release|Any CPU
		{9EB4D5F8-71E6-45D2-B886-75DC9041D70A}.Release|x64.Build.0 = Release|Any CPU
		{9EB4D5F8-71E6-45D2-B886-75DC9041D70A}.Release|x86.ActiveCfg = Release|Any CPU
		{9EB4D5F8-71E6-45D2-B886-75DC9041D70A}.Release|x86.Build.0 = Release|Any CPU
		{C0D0DD0F-881F-4BDE-82DA-946B64BAC0E8}.Debug|Any CPU.ActiveCfg = Debug|Any CPU
		{C0D0DD0F-881F-4BDE-82DA-946B64BAC0E8}.Debug|Any CPU.Build.0 = Debug|Any CPU
		{C0D0DD0F-881F-4BDE-82DA-946B64BAC0E8}.Debug|ARM.ActiveCfg = Debug|Any CPU
		{C0D0DD0F-881F-4BDE-82DA-946B64BAC0E8}.Debug|ARM.Build.0 = Debug|Any CPU
		{C0D0DD0F-881F-4BDE-82DA-946B64BAC0E8}.Debug|x64.ActiveCfg = Debug|Any CPU
		{C0D0DD0F-881F-4BDE-82DA-946B64BAC0E8}.Debug|x64.Build.0 = Debug|Any CPU
		{C0D0DD0F-881F-4BDE-82DA-946B64BAC0E8}.Debug|x86.ActiveCfg = Debug|Any CPU
		{C0D0DD0F-881F-4BDE-82DA-946B64BAC0E8}.Debug|x86.Build.0 = Debug|Any CPU
		{C0D0DD0F-881F-4BDE-82DA-946B64BAC0E8}.Release|Any CPU.ActiveCfg = Release|Any CPU
		{C0D0DD0F-881F-4BDE-82DA-946B64BAC0E8}.Release|Any CPU.Build.0 = Release|Any CPU
		{C0D0DD0F-881F-4BDE-82DA-946B64BAC0E8}.Release|ARM.ActiveCfg = Release|Any CPU
		{C0D0DD0F-881F-4BDE-82DA-946B64BAC0E8}.Release|ARM.Build.0 = Release|Any CPU
		{C0D0DD0F-881F-4BDE-82DA-946B64BAC0E8}.Release|x64.ActiveCfg = Release|Any CPU
		{C0D0DD0F-881F-4BDE-82DA-946B64BAC0E8}.Release|x64.Build.0 = Release|Any CPU
		{C0D0DD0F-881F-4BDE-82DA-946B64BAC0E8}.Release|x86.ActiveCfg = Release|Any CPU
		{C0D0DD0F-881F-4BDE-82DA-946B64BAC0E8}.Release|x86.Build.0 = Release|Any CPU
		{24ACF9F7-0335-4ACB-9A87-02DA5757AF8A}.Debug|Any CPU.ActiveCfg = Debug|Any CPU
		{24ACF9F7-0335-4ACB-9A87-02DA5757AF8A}.Debug|Any CPU.Build.0 = Debug|Any CPU
		{24ACF9F7-0335-4ACB-9A87-02DA5757AF8A}.Debug|ARM.ActiveCfg = Debug|Any CPU
		{24ACF9F7-0335-4ACB-9A87-02DA5757AF8A}.Debug|ARM.Build.0 = Debug|Any CPU
		{24ACF9F7-0335-4ACB-9A87-02DA5757AF8A}.Debug|x64.ActiveCfg = Debug|Any CPU
		{24ACF9F7-0335-4ACB-9A87-02DA5757AF8A}.Debug|x64.Build.0 = Debug|Any CPU
		{24ACF9F7-0335-4ACB-9A87-02DA5757AF8A}.Debug|x86.ActiveCfg = Debug|Any CPU
		{24ACF9F7-0335-4ACB-9A87-02DA5757AF8A}.Debug|x86.Build.0 = Debug|Any CPU
		{24ACF9F7-0335-4ACB-9A87-02DA5757AF8A}.Release|Any CPU.ActiveCfg = Release|Any CPU
		{24ACF9F7-0335-4ACB-9A87-02DA5757AF8A}.Release|Any CPU.Build.0 = Release|Any CPU
		{24ACF9F7-0335-4ACB-9A87-02DA5757AF8A}.Release|ARM.ActiveCfg = Release|Any CPU
		{24ACF9F7-0335-4ACB-9A87-02DA5757AF8A}.Release|ARM.Build.0 = Release|Any CPU
		{24ACF9F7-0335-4ACB-9A87-02DA5757AF8A}.Release|x64.ActiveCfg = Release|Any CPU
		{24ACF9F7-0335-4ACB-9A87-02DA5757AF8A}.Release|x64.Build.0 = Release|Any CPU
		{24ACF9F7-0335-4ACB-9A87-02DA5757AF8A}.Release|x86.ActiveCfg = Release|Any CPU
		{24ACF9F7-0335-4ACB-9A87-02DA5757AF8A}.Release|x86.Build.0 = Release|Any CPU
		{7001986D-1C50-4DCB-A0B5-C3D6EF504DAD}.Debug|Any CPU.ActiveCfg = Debug|Any CPU
		{7001986D-1C50-4DCB-A0B5-C3D6EF504DAD}.Debug|Any CPU.Build.0 = Debug|Any CPU
		{7001986D-1C50-4DCB-A0B5-C3D6EF504DAD}.Debug|ARM.ActiveCfg = Debug|Any CPU
		{7001986D-1C50-4DCB-A0B5-C3D6EF504DAD}.Debug|ARM.Build.0 = Debug|Any CPU
		{7001986D-1C50-4DCB-A0B5-C3D6EF504DAD}.Debug|x64.ActiveCfg = Debug|Any CPU
		{7001986D-1C50-4DCB-A0B5-C3D6EF504DAD}.Debug|x64.Build.0 = Debug|Any CPU
		{7001986D-1C50-4DCB-A0B5-C3D6EF504DAD}.Debug|x86.ActiveCfg = Debug|Any CPU
		{7001986D-1C50-4DCB-A0B5-C3D6EF504DAD}.Debug|x86.Build.0 = Debug|Any CPU
		{7001986D-1C50-4DCB-A0B5-C3D6EF504DAD}.Release|Any CPU.ActiveCfg = Release|Any CPU
		{7001986D-1C50-4DCB-A0B5-C3D6EF504DAD}.Release|Any CPU.Build.0 = Release|Any CPU
		{7001986D-1C50-4DCB-A0B5-C3D6EF504DAD}.Release|ARM.ActiveCfg = Release|Any CPU
		{7001986D-1C50-4DCB-A0B5-C3D6EF504DAD}.Release|ARM.Build.0 = Release|Any CPU
		{7001986D-1C50-4DCB-A0B5-C3D6EF504DAD}.Release|x64.ActiveCfg = Release|Any CPU
		{7001986D-1C50-4DCB-A0B5-C3D6EF504DAD}.Release|x64.Build.0 = Release|Any CPU
		{7001986D-1C50-4DCB-A0B5-C3D6EF504DAD}.Release|x86.ActiveCfg = Release|Any CPU
		{7001986D-1C50-4DCB-A0B5-C3D6EF504DAD}.Release|x86.Build.0 = Release|Any CPU
		{5BA6F9FB-A810-47B4-9DB5-D518C9B72248}.Debug|Any CPU.ActiveCfg = Debug|Any CPU
		{5BA6F9FB-A810-47B4-9DB5-D518C9B72248}.Debug|Any CPU.Build.0 = Debug|Any CPU
		{5BA6F9FB-A810-47B4-9DB5-D518C9B72248}.Debug|ARM.ActiveCfg = Debug|Any CPU
		{5BA6F9FB-A810-47B4-9DB5-D518C9B72248}.Debug|ARM.Build.0 = Debug|Any CPU
		{5BA6F9FB-A810-47B4-9DB5-D518C9B72248}.Debug|x64.ActiveCfg = Debug|Any CPU
		{5BA6F9FB-A810-47B4-9DB5-D518C9B72248}.Debug|x64.Build.0 = Debug|Any CPU
		{5BA6F9FB-A810-47B4-9DB5-D518C9B72248}.Debug|x86.ActiveCfg = Debug|Any CPU
		{5BA6F9FB-A810-47B4-9DB5-D518C9B72248}.Debug|x86.Build.0 = Debug|Any CPU
		{5BA6F9FB-A810-47B4-9DB5-D518C9B72248}.Release|Any CPU.ActiveCfg = Release|Any CPU
		{5BA6F9FB-A810-47B4-9DB5-D518C9B72248}.Release|Any CPU.Build.0 = Release|Any CPU
		{5BA6F9FB-A810-47B4-9DB5-D518C9B72248}.Release|ARM.ActiveCfg = Release|Any CPU
		{5BA6F9FB-A810-47B4-9DB5-D518C9B72248}.Release|ARM.Build.0 = Release|Any CPU
		{5BA6F9FB-A810-47B4-9DB5-D518C9B72248}.Release|x64.ActiveCfg = Release|Any CPU
		{5BA6F9FB-A810-47B4-9DB5-D518C9B72248}.Release|x64.Build.0 = Release|Any CPU
		{5BA6F9FB-A810-47B4-9DB5-D518C9B72248}.Release|x86.ActiveCfg = Release|Any CPU
		{5BA6F9FB-A810-47B4-9DB5-D518C9B72248}.Release|x86.Build.0 = Release|Any CPU
		{3DC2BD01-1417-4336-AD8C-913820A6AAE8}.Debug|Any CPU.ActiveCfg = Debug|Any CPU
		{3DC2BD01-1417-4336-AD8C-913820A6AAE8}.Debug|Any CPU.Build.0 = Debug|Any CPU
		{3DC2BD01-1417-4336-AD8C-913820A6AAE8}.Debug|ARM.ActiveCfg = Debug|Any CPU
		{3DC2BD01-1417-4336-AD8C-913820A6AAE8}.Debug|ARM.Build.0 = Debug|Any CPU
		{3DC2BD01-1417-4336-AD8C-913820A6AAE8}.Debug|x64.ActiveCfg = Debug|Any CPU
		{3DC2BD01-1417-4336-AD8C-913820A6AAE8}.Debug|x64.Build.0 = Debug|Any CPU
		{3DC2BD01-1417-4336-AD8C-913820A6AAE8}.Debug|x86.ActiveCfg = Debug|Any CPU
		{3DC2BD01-1417-4336-AD8C-913820A6AAE8}.Debug|x86.Build.0 = Debug|Any CPU
		{3DC2BD01-1417-4336-AD8C-913820A6AAE8}.Release|Any CPU.ActiveCfg = Release|Any CPU
		{3DC2BD01-1417-4336-AD8C-913820A6AAE8}.Release|Any CPU.Build.0 = Release|Any CPU
		{3DC2BD01-1417-4336-AD8C-913820A6AAE8}.Release|ARM.ActiveCfg = Release|Any CPU
		{3DC2BD01-1417-4336-AD8C-913820A6AAE8}.Release|ARM.Build.0 = Release|Any CPU
		{3DC2BD01-1417-4336-AD8C-913820A6AAE8}.Release|x64.ActiveCfg = Release|Any CPU
		{3DC2BD01-1417-4336-AD8C-913820A6AAE8}.Release|x64.Build.0 = Release|Any CPU
		{3DC2BD01-1417-4336-AD8C-913820A6AAE8}.Release|x86.ActiveCfg = Release|Any CPU
		{3DC2BD01-1417-4336-AD8C-913820A6AAE8}.Release|x86.Build.0 = Release|Any CPU
		{33BAFF48-1653-42AB-A7DC-EC062EE1C35A}.Debug|Any CPU.ActiveCfg = Debug|Any CPU
		{33BAFF48-1653-42AB-A7DC-EC062EE1C35A}.Debug|Any CPU.Build.0 = Debug|Any CPU
		{33BAFF48-1653-42AB-A7DC-EC062EE1C35A}.Debug|ARM.ActiveCfg = Debug|Any CPU
		{33BAFF48-1653-42AB-A7DC-EC062EE1C35A}.Debug|ARM.Build.0 = Debug|Any CPU
		{33BAFF48-1653-42AB-A7DC-EC062EE1C35A}.Debug|x64.ActiveCfg = Debug|Any CPU
		{33BAFF48-1653-42AB-A7DC-EC062EE1C35A}.Debug|x64.Build.0 = Debug|Any CPU
		{33BAFF48-1653-42AB-A7DC-EC062EE1C35A}.Debug|x86.ActiveCfg = Debug|Any CPU
		{33BAFF48-1653-42AB-A7DC-EC062EE1C35A}.Debug|x86.Build.0 = Debug|Any CPU
		{33BAFF48-1653-42AB-A7DC-EC062EE1C35A}.Release|Any CPU.ActiveCfg = Release|Any CPU
		{33BAFF48-1653-42AB-A7DC-EC062EE1C35A}.Release|Any CPU.Build.0 = Release|Any CPU
		{33BAFF48-1653-42AB-A7DC-EC062EE1C35A}.Release|ARM.ActiveCfg = Release|Any CPU
		{33BAFF48-1653-42AB-A7DC-EC062EE1C35A}.Release|ARM.Build.0 = Release|Any CPU
		{33BAFF48-1653-42AB-A7DC-EC062EE1C35A}.Release|x64.ActiveCfg = Release|Any CPU
		{33BAFF48-1653-42AB-A7DC-EC062EE1C35A}.Release|x64.Build.0 = Release|Any CPU
		{33BAFF48-1653-42AB-A7DC-EC062EE1C35A}.Release|x86.ActiveCfg = Release|Any CPU
		{33BAFF48-1653-42AB-A7DC-EC062EE1C35A}.Release|x86.Build.0 = Release|Any CPU
		{70C5AE84-2244-4C56-92D0-1FF495DB7098}.Debug|Any CPU.ActiveCfg = Debug|Any CPU
		{70C5AE84-2244-4C56-92D0-1FF495DB7098}.Debug|Any CPU.Build.0 = Debug|Any CPU
		{70C5AE84-2244-4C56-92D0-1FF495DB7098}.Debug|ARM.ActiveCfg = Debug|Any CPU
		{70C5AE84-2244-4C56-92D0-1FF495DB7098}.Debug|ARM.Build.0 = Debug|Any CPU
		{70C5AE84-2244-4C56-92D0-1FF495DB7098}.Debug|x64.ActiveCfg = Debug|Any CPU
		{70C5AE84-2244-4C56-92D0-1FF495DB7098}.Debug|x64.Build.0 = Debug|Any CPU
		{70C5AE84-2244-4C56-92D0-1FF495DB7098}.Debug|x86.ActiveCfg = Debug|Any CPU
		{70C5AE84-2244-4C56-92D0-1FF495DB7098}.Debug|x86.Build.0 = Debug|Any CPU
		{70C5AE84-2244-4C56-92D0-1FF495DB7098}.Release|Any CPU.ActiveCfg = Release|Any CPU
		{70C5AE84-2244-4C56-92D0-1FF495DB7098}.Release|Any CPU.Build.0 = Release|Any CPU
		{70C5AE84-2244-4C56-92D0-1FF495DB7098}.Release|ARM.ActiveCfg = Release|Any CPU
		{70C5AE84-2244-4C56-92D0-1FF495DB7098}.Release|ARM.Build.0 = Release|Any CPU
		{70C5AE84-2244-4C56-92D0-1FF495DB7098}.Release|x64.ActiveCfg = Release|Any CPU
		{70C5AE84-2244-4C56-92D0-1FF495DB7098}.Release|x64.Build.0 = Release|Any CPU
		{70C5AE84-2244-4C56-92D0-1FF495DB7098}.Release|x86.ActiveCfg = Release|Any CPU
		{70C5AE84-2244-4C56-92D0-1FF495DB7098}.Release|x86.Build.0 = Release|Any CPU
		{826E78F3-958A-4086-B153-B3158709B539}.Debug|Any CPU.ActiveCfg = Debug|Any CPU
		{826E78F3-958A-4086-B153-B3158709B539}.Debug|Any CPU.Build.0 = Debug|Any CPU
		{826E78F3-958A-4086-B153-B3158709B539}.Debug|ARM.ActiveCfg = Debug|Any CPU
		{826E78F3-958A-4086-B153-B3158709B539}.Debug|ARM.Build.0 = Debug|Any CPU
		{826E78F3-958A-4086-B153-B3158709B539}.Debug|x64.ActiveCfg = Debug|Any CPU
		{826E78F3-958A-4086-B153-B3158709B539}.Debug|x64.Build.0 = Debug|Any CPU
		{826E78F3-958A-4086-B153-B3158709B539}.Debug|x86.ActiveCfg = Debug|Any CPU
		{826E78F3-958A-4086-B153-B3158709B539}.Debug|x86.Build.0 = Debug|Any CPU
		{826E78F3-958A-4086-B153-B3158709B539}.Release|Any CPU.ActiveCfg = Release|Any CPU
		{826E78F3-958A-4086-B153-B3158709B539}.Release|Any CPU.Build.0 = Release|Any CPU
		{826E78F3-958A-4086-B153-B3158709B539}.Release|ARM.ActiveCfg = Release|Any CPU
		{826E78F3-958A-4086-B153-B3158709B539}.Release|ARM.Build.0 = Release|Any CPU
		{826E78F3-958A-4086-B153-B3158709B539}.Release|x64.ActiveCfg = Release|Any CPU
		{826E78F3-958A-4086-B153-B3158709B539}.Release|x64.Build.0 = Release|Any CPU
		{826E78F3-958A-4086-B153-B3158709B539}.Release|x86.ActiveCfg = Release|Any CPU
		{826E78F3-958A-4086-B153-B3158709B539}.Release|x86.Build.0 = Release|Any CPU
		{4BF9B902-12C7-4ED4-AC3F-2778ED4AF171}.Debug|Any CPU.ActiveCfg = Debug|Any CPU
		{4BF9B902-12C7-4ED4-AC3F-2778ED4AF171}.Debug|Any CPU.Build.0 = Debug|Any CPU
		{4BF9B902-12C7-4ED4-AC3F-2778ED4AF171}.Debug|ARM.ActiveCfg = Debug|Any CPU
		{4BF9B902-12C7-4ED4-AC3F-2778ED4AF171}.Debug|ARM.Build.0 = Debug|Any CPU
		{4BF9B902-12C7-4ED4-AC3F-2778ED4AF171}.Debug|x64.ActiveCfg = Debug|Any CPU
		{4BF9B902-12C7-4ED4-AC3F-2778ED4AF171}.Debug|x64.Build.0 = Debug|Any CPU
		{4BF9B902-12C7-4ED4-AC3F-2778ED4AF171}.Debug|x86.ActiveCfg = Debug|Any CPU
		{4BF9B902-12C7-4ED4-AC3F-2778ED4AF171}.Debug|x86.Build.0 = Debug|Any CPU
		{4BF9B902-12C7-4ED4-AC3F-2778ED4AF171}.Release|Any CPU.ActiveCfg = Release|Any CPU
		{4BF9B902-12C7-4ED4-AC3F-2778ED4AF171}.Release|Any CPU.Build.0 = Release|Any CPU
		{4BF9B902-12C7-4ED4-AC3F-2778ED4AF171}.Release|ARM.ActiveCfg = Release|Any CPU
		{4BF9B902-12C7-4ED4-AC3F-2778ED4AF171}.Release|ARM.Build.0 = Release|Any CPU
		{4BF9B902-12C7-4ED4-AC3F-2778ED4AF171}.Release|x64.ActiveCfg = Release|Any CPU
		{4BF9B902-12C7-4ED4-AC3F-2778ED4AF171}.Release|x64.Build.0 = Release|Any CPU
		{4BF9B902-12C7-4ED4-AC3F-2778ED4AF171}.Release|x86.ActiveCfg = Release|Any CPU
		{4BF9B902-12C7-4ED4-AC3F-2778ED4AF171}.Release|x86.Build.0 = Release|Any CPU
		{037E4960-E33A-4DAF-A32D-D388F38A5804}.Debug|Any CPU.ActiveCfg = Debug|Any CPU
		{037E4960-E33A-4DAF-A32D-D388F38A5804}.Debug|Any CPU.Build.0 = Debug|Any CPU
		{037E4960-E33A-4DAF-A32D-D388F38A5804}.Debug|ARM.ActiveCfg = Debug|Any CPU
		{037E4960-E33A-4DAF-A32D-D388F38A5804}.Debug|ARM.Build.0 = Debug|Any CPU
		{037E4960-E33A-4DAF-A32D-D388F38A5804}.Debug|x64.ActiveCfg = Debug|Any CPU
		{037E4960-E33A-4DAF-A32D-D388F38A5804}.Debug|x64.Build.0 = Debug|Any CPU
		{037E4960-E33A-4DAF-A32D-D388F38A5804}.Debug|x86.ActiveCfg = Debug|Any CPU
		{037E4960-E33A-4DAF-A32D-D388F38A5804}.Debug|x86.Build.0 = Debug|Any CPU
		{037E4960-E33A-4DAF-A32D-D388F38A5804}.Release|Any CPU.ActiveCfg = Release|Any CPU
		{037E4960-E33A-4DAF-A32D-D388F38A5804}.Release|Any CPU.Build.0 = Release|Any CPU
		{037E4960-E33A-4DAF-A32D-D388F38A5804}.Release|ARM.ActiveCfg = Release|Any CPU
		{037E4960-E33A-4DAF-A32D-D388F38A5804}.Release|ARM.Build.0 = Release|Any CPU
		{037E4960-E33A-4DAF-A32D-D388F38A5804}.Release|x64.ActiveCfg = Release|Any CPU
		{037E4960-E33A-4DAF-A32D-D388F38A5804}.Release|x64.Build.0 = Release|Any CPU
		{037E4960-E33A-4DAF-A32D-D388F38A5804}.Release|x86.ActiveCfg = Release|Any CPU
		{037E4960-E33A-4DAF-A32D-D388F38A5804}.Release|x86.Build.0 = Release|Any CPU
		{148735D9-A20F-4453-AF5C-E3637B3CC735}.Debug|Any CPU.ActiveCfg = Debug|Any CPU
		{148735D9-A20F-4453-AF5C-E3637B3CC735}.Debug|Any CPU.Build.0 = Debug|Any CPU
		{148735D9-A20F-4453-AF5C-E3637B3CC735}.Debug|ARM.ActiveCfg = Debug|Any CPU
		{148735D9-A20F-4453-AF5C-E3637B3CC735}.Debug|ARM.Build.0 = Debug|Any CPU
		{148735D9-A20F-4453-AF5C-E3637B3CC735}.Debug|x64.ActiveCfg = Debug|Any CPU
		{148735D9-A20F-4453-AF5C-E3637B3CC735}.Debug|x64.Build.0 = Debug|Any CPU
		{148735D9-A20F-4453-AF5C-E3637B3CC735}.Debug|x86.ActiveCfg = Debug|Any CPU
		{148735D9-A20F-4453-AF5C-E3637B3CC735}.Debug|x86.Build.0 = Debug|Any CPU
		{148735D9-A20F-4453-AF5C-E3637B3CC735}.Release|Any CPU.ActiveCfg = Release|Any CPU
		{148735D9-A20F-4453-AF5C-E3637B3CC735}.Release|Any CPU.Build.0 = Release|Any CPU
		{148735D9-A20F-4453-AF5C-E3637B3CC735}.Release|ARM.ActiveCfg = Release|Any CPU
		{148735D9-A20F-4453-AF5C-E3637B3CC735}.Release|ARM.Build.0 = Release|Any CPU
		{148735D9-A20F-4453-AF5C-E3637B3CC735}.Release|x64.ActiveCfg = Release|Any CPU
		{148735D9-A20F-4453-AF5C-E3637B3CC735}.Release|x64.Build.0 = Release|Any CPU
		{148735D9-A20F-4453-AF5C-E3637B3CC735}.Release|x86.ActiveCfg = Release|Any CPU
		{148735D9-A20F-4453-AF5C-E3637B3CC735}.Release|x86.Build.0 = Release|Any CPU
	EndGlobalSection
	GlobalSection(SolutionProperties) = preSolution
		HideSolutionNode = FALSE
	EndGlobalSection
	GlobalSection(ExtensibilityGlobals) = postSolution
		SolutionGuid = {9F13F198-6477-4104-961C-9335BF6CBD6F}
	EndGlobalSection
EndGlobal
