
Microsoft Visual Studio Solution File, Format Version 12.00
# Visual Studio 15
VisualStudioVersion = 15.0.27130.2010
MinimumVisualStudioVersion = 10.0.40219.1
Project("{9092AA53-FB77-4645-B42D-1CCCA6BD08BD}") = "HeroicInventory", "HeroicInventory\HeroicInventory.njsproj", "{5C94DF2F-DCD3-408D-AD24-D461FFACABE5}"
EndProject
Project("{9092AA53-FB77-4645-B42D-1CCCA6BD08BD}") = "JSONTable", "JSONTable\JSONTable.njsproj", "{1AE6C3E6-E28F-401C-85CE-342652E8FF5D}"
EndProject
Global
	GlobalSection(SolutionConfigurationPlatforms) = preSolution
		Debug|Any CPU = Debug|Any CPU
		Release|Any CPU = Release|Any CPU
	EndGlobalSection
	GlobalSection(ProjectConfigurationPlatforms) = postSolution
		{5C94DF2F-DCD3-408D-AD24-D461FFACABE5}.Debug|Any CPU.ActiveCfg = Debug|Any CPU
		{5C94DF2F-DCD3-408D-AD24-D461FFACABE5}.Debug|Any CPU.Build.0 = Debug|Any CPU
		{5C94DF2F-DCD3-408D-AD24-D461FFACABE5}.Release|Any CPU.ActiveCfg = Release|Any CPU
		{5C94DF2F-DCD3-408D-AD24-D461FFACABE5}.Release|Any CPU.Build.0 = Release|Any CPU
		{1AE6C3E6-E28F-401C-85CE-342652E8FF5D}.Debug|Any CPU.ActiveCfg = Debug|Any CPU
		{1AE6C3E6-E28F-401C-85CE-342652E8FF5D}.Debug|Any CPU.Build.0 = Debug|Any CPU
		{1AE6C3E6-E28F-401C-85CE-342652E8FF5D}.Release|Any CPU.ActiveCfg = Release|Any CPU
		{1AE6C3E6-E28F-401C-85CE-342652E8FF5D}.Release|Any CPU.Build.0 = Release|Any CPU
	EndGlobalSection
	GlobalSection(SolutionProperties) = preSolution
		HideSolutionNode = FALSE
	EndGlobalSection
	GlobalSection(ExtensibilityGlobals) = postSolution
		SolutionGuid = {4B825652-D357-4EB6-96DD-BCF7AA569B2C}
	EndGlobalSection
EndGlobal
