
Microsoft Visual Studio Solution File, Format Version 12.00
# Visual Studio 15
VisualStudioVersion = 15.0.27130.2010
MinimumVisualStudioVersion = 10.0.40219.1
Project("{9092AA53-FB77-4645-B42D-1CCCA6BD08BD}") = "SplitStringWIthDelimiter", "SplitStringWIthDelimiter\SplitStringWIthDelimiter.njsproj", "{31EC8015-3A56-4087-9069-65175502089C}"
EndProject
Project("{9092AA53-FB77-4645-B42D-1CCCA6BD08BD}") = "RepeatStringNTimes", "RepeatStringNTimes\RepeatStringNTimes.njsproj", "{B5D76820-70CD-40D5-AF0D-EB5BD4C21CCC}"
EndProject
Project("{9092AA53-FB77-4645-B42D-1CCCA6BD08BD}") = "StringStartWithGIvenSubstring", "StringStartWithGIvenSubstring\StringStartWithGIvenSubstring.njsproj", "{84409CD2-BC7E-4358-B2D2-BDA26DF9B499}"
EndProject
Project("{9092AA53-FB77-4645-B42D-1CCCA6BD08BD}") = "StringEndWithGIvenSubstring", "StringEndWithGIvenSubstring\StringEndWithGIvenSubstring.njsproj", "{C2908376-BAEE-459A-A4F8-7912715784EB}"
EndProject
Project("{9092AA53-FB77-4645-B42D-1CCCA6BD08BD}") = "CapitalizeWords", "CapitalizeWords\CapitalizeWords.njsproj", "{E1652CED-FA16-4F5E-AB58-B7E00008C1FA}"
EndProject
Project("{9092AA53-FB77-4645-B42D-1CCCA6BD08BD}") = "CaptureTheNumbers", "CaptureTheNumbers\CaptureTheNumbers.njsproj", "{D8B74BB7-7498-400B-99D5-7A930618437D}"
EndProject
Project("{9092AA53-FB77-4645-B42D-1CCCA6BD08BD}") = "FindVariableNamesInSentences", "FindVariableNamesInSentences\FindVariableNamesInSentences.njsproj", "{D1427153-75ED-4640-8FA5-5ABEB3E225DE}"
EndProject
Project("{9092AA53-FB77-4645-B42D-1CCCA6BD08BD}") = "FindOccurrencesOfWord", "FindOccurancesOfWord\FindOccurrencesOfWord.njsproj", "{39FC33E4-BA3F-4A12-A234-6701E3CE7536}"
EndProject
Global
	GlobalSection(SolutionConfigurationPlatforms) = preSolution
		Debug|Any CPU = Debug|Any CPU
		Release|Any CPU = Release|Any CPU
	EndGlobalSection
	GlobalSection(ProjectConfigurationPlatforms) = postSolution
		{31EC8015-3A56-4087-9069-65175502089C}.Debug|Any CPU.ActiveCfg = Debug|Any CPU
		{31EC8015-3A56-4087-9069-65175502089C}.Debug|Any CPU.Build.0 = Debug|Any CPU
		{31EC8015-3A56-4087-9069-65175502089C}.Release|Any CPU.ActiveCfg = Release|Any CPU
		{31EC8015-3A56-4087-9069-65175502089C}.Release|Any CPU.Build.0 = Release|Any CPU
		{B5D76820-70CD-40D5-AF0D-EB5BD4C21CCC}.Debug|Any CPU.ActiveCfg = Debug|Any CPU
		{B5D76820-70CD-40D5-AF0D-EB5BD4C21CCC}.Debug|Any CPU.Build.0 = Debug|Any CPU
		{B5D76820-70CD-40D5-AF0D-EB5BD4C21CCC}.Release|Any CPU.ActiveCfg = Release|Any CPU
		{B5D76820-70CD-40D5-AF0D-EB5BD4C21CCC}.Release|Any CPU.Build.0 = Release|Any CPU
		{84409CD2-BC7E-4358-B2D2-BDA26DF9B499}.Debug|Any CPU.ActiveCfg = Debug|Any CPU
		{84409CD2-BC7E-4358-B2D2-BDA26DF9B499}.Debug|Any CPU.Build.0 = Debug|Any CPU
		{84409CD2-BC7E-4358-B2D2-BDA26DF9B499}.Release|Any CPU.ActiveCfg = Release|Any CPU
		{84409CD2-BC7E-4358-B2D2-BDA26DF9B499}.Release|Any CPU.Build.0 = Release|Any CPU
		{C2908376-BAEE-459A-A4F8-7912715784EB}.Debug|Any CPU.ActiveCfg = Debug|Any CPU
		{C2908376-BAEE-459A-A4F8-7912715784EB}.Debug|Any CPU.Build.0 = Debug|Any CPU
		{C2908376-BAEE-459A-A4F8-7912715784EB}.Release|Any CPU.ActiveCfg = Release|Any CPU
		{C2908376-BAEE-459A-A4F8-7912715784EB}.Release|Any CPU.Build.0 = Release|Any CPU
		{E1652CED-FA16-4F5E-AB58-B7E00008C1FA}.Debug|Any CPU.ActiveCfg = Debug|Any CPU
		{E1652CED-FA16-4F5E-AB58-B7E00008C1FA}.Debug|Any CPU.Build.0 = Debug|Any CPU
		{E1652CED-FA16-4F5E-AB58-B7E00008C1FA}.Release|Any CPU.ActiveCfg = Release|Any CPU
		{E1652CED-FA16-4F5E-AB58-B7E00008C1FA}.Release|Any CPU.Build.0 = Release|Any CPU
		{D8B74BB7-7498-400B-99D5-7A930618437D}.Debug|Any CPU.ActiveCfg = Debug|Any CPU
		{D8B74BB7-7498-400B-99D5-7A930618437D}.Debug|Any CPU.Build.0 = Debug|Any CPU
		{D8B74BB7-7498-400B-99D5-7A930618437D}.Release|Any CPU.ActiveCfg = Release|Any CPU
		{D8B74BB7-7498-400B-99D5-7A930618437D}.Release|Any CPU.Build.0 = Release|Any CPU
		{D1427153-75ED-4640-8FA5-5ABEB3E225DE}.Debug|Any CPU.ActiveCfg = Debug|Any CPU
		{D1427153-75ED-4640-8FA5-5ABEB3E225DE}.Debug|Any CPU.Build.0 = Debug|Any CPU
		{D1427153-75ED-4640-8FA5-5ABEB3E225DE}.Release|Any CPU.ActiveCfg = Release|Any CPU
		{D1427153-75ED-4640-8FA5-5ABEB3E225DE}.Release|Any CPU.Build.0 = Release|Any CPU
		{39FC33E4-BA3F-4A12-A234-6701E3CE7536}.Debug|Any CPU.ActiveCfg = Debug|Any CPU
		{39FC33E4-BA3F-4A12-A234-6701E3CE7536}.Debug|Any CPU.Build.0 = Debug|Any CPU
		{39FC33E4-BA3F-4A12-A234-6701E3CE7536}.Release|Any CPU.ActiveCfg = Release|Any CPU
		{39FC33E4-BA3F-4A12-A234-6701E3CE7536}.Release|Any CPU.Build.0 = Release|Any CPU
	EndGlobalSection
	GlobalSection(SolutionProperties) = preSolution
		HideSolutionNode = FALSE
	EndGlobalSection
	GlobalSection(ExtensibilityGlobals) = postSolution
		SolutionGuid = {5C868A37-4F52-4E87-B539-674DE043B374}
	EndGlobalSection
EndGlobal
