
Microsoft Visual Studio Solution File, Format Version 12.00
# Visual Studio 15
VisualStudioVersion = 15.0.27130.2010
MinimumVisualStudioVersion = 10.0.40219.1
Project("{9092AA53-FB77-4645-B42D-1CCCA6BD08BD}") = "ArayWithDelimiter", "ArayWithDelimiter\ArayWithDelimiter.njsproj", "{0B46D009-492D-4B18-81BA-156524CA64AF}"
EndProject
Project("{9092AA53-FB77-4645-B42D-1CCCA6BD08BD}") = "PrintNElementFromArray", "PrintNElementFromArray\PrintNElementFromArray.njsproj", "{653377CD-600B-40C6-AFC1-51C1769598B2}"
EndProject
Project("{9092AA53-FB77-4645-B42D-1CCCA6BD08BD}") = "AddRemoveElementsFromArray", "AddRemoveElementsFromArray\AddRemoveElementsFromArray.njsproj", "{D640D11F-94D7-442B-A0E2-48FA959D4797}"
EndProject
Project("{9092AA53-FB77-4645-B42D-1CCCA6BD08BD}") = "RotateArray", "RotateArray\RotateArray.njsproj", "{3D40303E-D0B6-4985-A94B-8A8179786D2C}"
EndProject
Project("{9092AA53-FB77-4645-B42D-1CCCA6BD08BD}") = "NonDecreasingSubsequence", "NonDecreasingSubsequence\NonDecreasingSubsequence.njsproj", "{8CE88404-1376-45E3-8E83-3713DFB5F2BB}"
EndProject
Project("{9092AA53-FB77-4645-B42D-1CCCA6BD08BD}") = "SortAnArray", "SortAnArray\SortAnArray.njsproj", "{FAB39C44-53DF-451F-9C37-01B8CA7A6D91}"
EndProject
Project("{9092AA53-FB77-4645-B42D-1CCCA6BD08BD}") = "MagicMatrices", "MagicMatrices\MagicMatrices.njsproj", "{279CE7CB-3759-443D-A537-4837694D6052}"
EndProject
Project("{9092AA53-FB77-4645-B42D-1CCCA6BD08BD}") = "SpiralMatrix", "SpiralMatrix\SpiralMatrix.njsproj", "{52A04EE9-E8CA-4546-A553-703DF324A8FD}"
EndProject
Global
	GlobalSection(SolutionConfigurationPlatforms) = preSolution
		Debug|Any CPU = Debug|Any CPU
		Release|Any CPU = Release|Any CPU
	EndGlobalSection
	GlobalSection(ProjectConfigurationPlatforms) = postSolution
		{0B46D009-492D-4B18-81BA-156524CA64AF}.Debug|Any CPU.ActiveCfg = Debug|Any CPU
		{0B46D009-492D-4B18-81BA-156524CA64AF}.Debug|Any CPU.Build.0 = Debug|Any CPU
		{0B46D009-492D-4B18-81BA-156524CA64AF}.Release|Any CPU.ActiveCfg = Release|Any CPU
		{0B46D009-492D-4B18-81BA-156524CA64AF}.Release|Any CPU.Build.0 = Release|Any CPU
		{653377CD-600B-40C6-AFC1-51C1769598B2}.Debug|Any CPU.ActiveCfg = Debug|Any CPU
		{653377CD-600B-40C6-AFC1-51C1769598B2}.Debug|Any CPU.Build.0 = Debug|Any CPU
		{653377CD-600B-40C6-AFC1-51C1769598B2}.Release|Any CPU.ActiveCfg = Release|Any CPU
		{653377CD-600B-40C6-AFC1-51C1769598B2}.Release|Any CPU.Build.0 = Release|Any CPU
		{D640D11F-94D7-442B-A0E2-48FA959D4797}.Debug|Any CPU.ActiveCfg = Debug|Any CPU
		{D640D11F-94D7-442B-A0E2-48FA959D4797}.Debug|Any CPU.Build.0 = Debug|Any CPU
		{D640D11F-94D7-442B-A0E2-48FA959D4797}.Release|Any CPU.ActiveCfg = Release|Any CPU
		{D640D11F-94D7-442B-A0E2-48FA959D4797}.Release|Any CPU.Build.0 = Release|Any CPU
		{3D40303E-D0B6-4985-A94B-8A8179786D2C}.Debug|Any CPU.ActiveCfg = Debug|Any CPU
		{3D40303E-D0B6-4985-A94B-8A8179786D2C}.Debug|Any CPU.Build.0 = Debug|Any CPU
		{3D40303E-D0B6-4985-A94B-8A8179786D2C}.Release|Any CPU.ActiveCfg = Release|Any CPU
		{3D40303E-D0B6-4985-A94B-8A8179786D2C}.Release|Any CPU.Build.0 = Release|Any CPU
		{8CE88404-1376-45E3-8E83-3713DFB5F2BB}.Debug|Any CPU.ActiveCfg = Debug|Any CPU
		{8CE88404-1376-45E3-8E83-3713DFB5F2BB}.Debug|Any CPU.Build.0 = Debug|Any CPU
		{8CE88404-1376-45E3-8E83-3713DFB5F2BB}.Release|Any CPU.ActiveCfg = Release|Any CPU
		{8CE88404-1376-45E3-8E83-3713DFB5F2BB}.Release|Any CPU.Build.0 = Release|Any CPU
		{FAB39C44-53DF-451F-9C37-01B8CA7A6D91}.Debug|Any CPU.ActiveCfg = Debug|Any CPU
		{FAB39C44-53DF-451F-9C37-01B8CA7A6D91}.Debug|Any CPU.Build.0 = Debug|Any CPU
		{FAB39C44-53DF-451F-9C37-01B8CA7A6D91}.Release|Any CPU.ActiveCfg = Release|Any CPU
		{FAB39C44-53DF-451F-9C37-01B8CA7A6D91}.Release|Any CPU.Build.0 = Release|Any CPU
		{279CE7CB-3759-443D-A537-4837694D6052}.Debug|Any CPU.ActiveCfg = Debug|Any CPU
		{279CE7CB-3759-443D-A537-4837694D6052}.Debug|Any CPU.Build.0 = Debug|Any CPU
		{279CE7CB-3759-443D-A537-4837694D6052}.Release|Any CPU.ActiveCfg = Release|Any CPU
		{279CE7CB-3759-443D-A537-4837694D6052}.Release|Any CPU.Build.0 = Release|Any CPU
		{52A04EE9-E8CA-4546-A553-703DF324A8FD}.Debug|Any CPU.ActiveCfg = Debug|Any CPU
		{52A04EE9-E8CA-4546-A553-703DF324A8FD}.Debug|Any CPU.Build.0 = Debug|Any CPU
		{52A04EE9-E8CA-4546-A553-703DF324A8FD}.Release|Any CPU.ActiveCfg = Release|Any CPU
		{52A04EE9-E8CA-4546-A553-703DF324A8FD}.Release|Any CPU.Build.0 = Release|Any CPU
	EndGlobalSection
	GlobalSection(SolutionProperties) = preSolution
		HideSolutionNode = FALSE
	EndGlobalSection
	GlobalSection(ExtensibilityGlobals) = postSolution
		SolutionGuid = {E0A95566-5187-470D-B52D-172656D43768}
	EndGlobalSection
EndGlobal
